
Microsoft Visual Studio Solution File, Format Version 12.00
# Visual Studio Version 17
VisualStudioVersion = 17.8.34330.188
MinimumVisualStudioVersion = 10.0.40219.1
Project("{FAE04EC0-301F-11D3-BF4B-00C04F79EFBC}") = "Singleton", "Singleton\Singleton.csproj", "{D1B4BCAE-A102-4702-8752-657BA398E42B}"
EndProject
Global
	GlobalSection(SolutionConfigurationPlatforms) = preSolution
		Debug|Any CPU = Debug|Any CPU
		Release|Any CPU = Release|Any CPU
	EndGlobalSection
	GlobalSection(ProjectConfigurationPlatforms) = postSolution
		{D1B4BCAE-A102-4702-8752-657BA398E42B}.Debug|Any CPU.ActiveCfg = Debug|Any CPU
		{D1B4BCAE-A102-4702-8752-657BA398E42B}.Debug|Any CPU.Build.0 = Debug|Any CPU
		{D1B4BCAE-A102-4702-8752-657BA398E42B}.Release|Any CPU.ActiveCfg = Release|Any CPU
		{D1B4BCAE-A102-4702-8752-657BA398E42B}.Release|Any CPU.Build.0 = Release|Any CPU
	EndGlobalSection
	GlobalSection(SolutionProperties) = preSolution
		HideSolutionNode = FALSE
	EndGlobalSection
	GlobalSection(ExtensibilityGlobals) = postSolution
		SolutionGuid = {7D785B8E-23B6-456E-9E39-B32093C5BE45}
	EndGlobalSection
EndGlobal
